
Microsoft Visual Studio Solution File, Format Version 12.00
# Visual Studio 15
VisualStudioVersion = 15.0.26403.7
MinimumVisualStudioVersion = 10.0.40219.1
Project("{FAE04EC0-301F-11D3-BF4B-00C04F79EFBC}") = "Nile.Host", "Nile.Host\Nile.Host.csproj", "{860E76A1-6087-46E1-B960-8DBEC8ED15BB}"
EndProject
Global
	GlobalSection(SolutionConfigurationPlatforms) = preSolution
		Debug|Any CPU = Debug|Any CPU
		Release|Any CPU = Release|Any CPU
	EndGlobalSection
	GlobalSection(ProjectConfigurationPlatforms) = postSolution
		{860E76A1-6087-46E1-B960-8DBEC8ED15BB}.Debug|Any CPU.ActiveCfg = Debug|Any CPU
		{860E76A1-6087-46E1-B960-8DBEC8ED15BB}.Debug|Any CPU.Build.0 = Debug|Any CPU
		{860E76A1-6087-46E1-B960-8DBEC8ED15BB}.Release|Any CPU.ActiveCfg = Release|Any CPU
		{860E76A1-6087-46E1-B960-8DBEC8ED15BB}.Release|Any CPU.Build.0 = Release|Any CPU
	EndGlobalSection
	GlobalSection(SolutionProperties) = preSolution
		HideSolutionNode = FALSE
	EndGlobalSection
EndGlobal
